{
  "name": "asst2mongo",
  "lockfileVersion": 2,
  "requires": true,
  "packages": {
    "": {
      "dependencies": {
        "mongo-client": "^0.2.1"
      }
    },
    "node_modules/bson": {
      "version": "0.1.8",
      "resolved": "https://registry.npmjs.org/bson/-/bson-0.1.8.tgz",
      "integrity": "sha512-Zen/6PF3Mox895jY2kVBC8m/zbApUgUoGwQ7p+UqdcByls5aYNgE4CrpXgycsPcMio+wto6nRvhJlJuZr5hxBw==",
      "deprecated": "Fixed a critical issue with BSON serialization documented in CVE-2019-2391, see https://bit.ly/2KcpXdo for more details",
      "hasInstallScript": true,
      "engines": {
        "node": ">=0.6.19"
      }
    },
    "node_modules/buffer-reduce": {
      "version": "0.1.0",
      "resolved": "git+ssh://git@github.com/Raynos/buffer-reduce.git#34f181a6191bb8e7159b08d6bba5d6e4aaec2c17",
      "dependencies": {
        "reducers": "Raynos/reducers#dedup",
        "reducible": "Raynos/reducible#v1.0.6"
      }
    },
    "node_modules/cache-reduce": {
      "version": "0.1.1",
      "resolved": "git+ssh://git@github.com/Raynos/cache-reduce.git#b4bc149cf7c4bc6845478090b272f743ab306ac4",
      "dependencies": {
        "buffer-reduce": "Raynos/buffer-reduce#dedup",
        "reducible": "Raynos/reducible#v1.0.6"
      },
      "peerDependencies": {
        "reducible": "~1.0.5"
      }
    },
    "node_modules/callback-reduce": {
      "version": "1.1.0",
      "resolved": "git+ssh://git@github.com/Raynos/callback-reduce.git#5a50a8551ac0d78d998dbb48828c09eb0f7cd067",
      "dependencies": {
        "functional": "~1.0.0",
        "reducible": "Raynos/reducible#v1.0.6"
      }
    },
    "node_modules/functional": {
      "version": "1.0.0",
      "resolved": "https://registry.npmjs.org/functional/-/functional-1.0.0.tgz",
      "integrity": "sha512-lMucEH8AbIEJnXQZdQst69EZaYS6GnkKlZyujkwg4xNkBUqB0R6ULOL8KGcsEYotm5m7TKUzDlPrLjwoWyGuDg=="
    },
    "node_modules/method": {
      "version": "2.0.0",
      "resolved": "https://registry.npmjs.org/method/-/method-2.0.0.tgz",
      "integrity": "sha512-JqK3SsKDlfW1+6HzlDcpsOBPyEA+gzKUN/3OG3yc6mvbcF/OyKd+OVJRht4TFABOpXV6IQVcc2kt1u5fWNjFCg=="
    },
    "node_modules/mongo-client": {
      "version": "0.2.1",
      "resolved": "https://registry.npmjs.org/mongo-client/-/mongo-client-0.2.1.tgz",
      "integrity": "sha512-CcPucvvgyQofki1lScMqzI+va8oViqa7qaK/W45nP6+UabtuMJAipNxtx8X7jQmsYIMOWi5ch6xD2YFetanPbQ==",
      "dependencies": {
        "cache-reduce": "Raynos/cache-reduce#dedup",
        "callback-reduce": "Raynos/callback-reduce#dedup",
        "mongodb": "~1.2.7",
        "reducers": "Raynos/reducers#dedup",
        "reducible": "Raynos/reducible#v1.0.6"
      }
    },
    "node_modules/mongodb": {
      "version": "1.2.14",
      "resolved": "https://registry.npmjs.org/mongodb/-/mongodb-1.2.14.tgz",
      "integrity": "sha512-6e+wAdsDC8LXAiDd8hyvs3PelKsJC/zIuNehU3FeI4JidhoYW2CG3jGTshg9MI8UKPrcyB8sqY0blpRFPYPLSg==",
      "deprecated": "Please upgrade to 2.2.19 or higher",
      "dependencies": {
        "bson": "0.1.8"
      },
      "engines": {
        "node": ">=0.6.19"
      }
    },
    "node_modules/reducers": {
      "version": "3.0.0-alpha",
      "resolved": "git+ssh://git@github.com/Raynos/reducers.git#637bda2ef7845baceebe0fd0ad6cfde4cf289b36",
      "dependencies": {
        "reducible": "Raynos/reducible#v1.0.6"
      }
    },
    "node_modules/reducible": {
      "version": "1.0.6",
      "resolved": "git+ssh://git@github.com/Raynos/reducible.git#2f3899f22325af695a6b33d5369467d51ba82eda",
      "dependencies": {
        "method": "~2.0.x"
      }
    }
  },
  "dependencies": {
    "bson": {
      "version": "0.1.8",
      "resolved": "https://registry.npmjs.org/bson/-/bson-0.1.8.tgz",
      "integrity": "sha512-Zen/6PF3Mox895jY2kVBC8m/zbApUgUoGwQ7p+UqdcByls5aYNgE4CrpXgycsPcMio+wto6nRvhJlJuZr5hxBw=="
    },
    "buffer-reduce": {
      "version": "git+ssh://git@github.com/Raynos/buffer-reduce.git#34f181a6191bb8e7159b08d6bba5d6e4aaec2c17",
      "from": "buffer-reduce@Raynos/buffer-reduce#dedup",
      "requires": {
        "reducers": "Raynos/reducers#dedup",
        "reducible": "Raynos/reducible#v1.0.6"
      }
    },
    "cache-reduce": {
      "version": "git+ssh://git@github.com/Raynos/cache-reduce.git#b4bc149cf7c4bc6845478090b272f743ab306ac4",
      "from": "cache-reduce@Raynos/cache-reduce#dedup",
      "requires": {
        "buffer-reduce": "Raynos/buffer-reduce#dedup",
        "reducible": "Raynos/reducible#v1.0.6"
      }
    },
    "callback-reduce": {
      "version": "git+ssh://git@github.com/Raynos/callback-reduce.git#5a50a8551ac0d78d998dbb48828c09eb0f7cd067",
      "from": "callback-reduce@Raynos/callback-reduce#dedup",
      "requires": {
        "functional": "~1.0.0",
        "reducible": "Raynos/reducible#v1.0.6"
      }
    },
    "functional": {
      "version": "1.0.0",
      "resolved": "https://registry.npmjs.org/functional/-/functional-1.0.0.tgz",
      "integrity": "sha512-lMucEH8AbIEJnXQZdQst69EZaYS6GnkKlZyujkwg4xNkBUqB0R6ULOL8KGcsEYotm5m7TKUzDlPrLjwoWyGuDg=="
    },
    "method": {
      "version": "2.0.0",
      "resolved": "https://registry.npmjs.org/method/-/method-2.0.0.tgz",
      "integrity": "sha512-JqK3SsKDlfW1+6HzlDcpsOBPyEA+gzKUN/3OG3yc6mvbcF/OyKd+OVJRht4TFABOpXV6IQVcc2kt1u5fWNjFCg=="
    },
    "mongo-client": {
      "version": "0.2.1",
      "resolved": "https://registry.npmjs.org/mongo-client/-/mongo-client-0.2.1.tgz",
      "integrity": "sha512-CcPucvvgyQofki1lScMqzI+va8oViqa7qaK/W45nP6+UabtuMJAipNxtx8X7jQmsYIMOWi5ch6xD2YFetanPbQ==",
      "requires": {
        "cache-reduce": "Raynos/cache-reduce#dedup",
        "callback-reduce": "Raynos/callback-reduce#dedup",
        "mongodb": "~1.2.7",
        "reducers": "Raynos/reducers#dedup",
        "reducible": "Raynos/reducible#v1.0.6"
      }
    },
    "mongodb": {
      "version": "1.2.14",
      "resolved": "https://registry.npmjs.org/mongodb/-/mongodb-1.2.14.tgz",
      "integrity": "sha512-6e+wAdsDC8LXAiDd8hyvs3PelKsJC/zIuNehU3FeI4JidhoYW2CG3jGTshg9MI8UKPrcyB8sqY0blpRFPYPLSg==",
      "requires": {
        "bson": "0.1.8"
      }
    },
    "reducers": {
      "version": "git+ssh://git@github.com/Raynos/reducers.git#637bda2ef7845baceebe0fd0ad6cfde4cf289b36",
      "from": "reducers@Raynos/reducers#dedup",
      "requires": {
        "reducible": "Raynos/reducible#v1.0.6"
      }
    },
    "reducible": {
      "version": "git+ssh://git@github.com/Raynos/reducible.git#2f3899f22325af695a6b33d5369467d51ba82eda",
      "from": "reducible@Raynos/reducible#v1.0.6",
      "requires": {
        "method": "~2.0.x"
      }
    }
  }
}
